// !$*UTF8*$!
{
	archiveVersion = 1;
	classes = {
	};
	objectVersion = 50;
	objects = {

/* Begin PBXBuildFile section */
		9A25A79823F0A43F00E9200A /* AppDelegate.swift in Sources */ = {isa = PBXBuildFile; fileRef = 9A25A79723F0A43F00E9200A /* AppDelegate.swift */; };
		9A25A79A23F0A43F00E9200A /* SceneDelegate.swift in Sources */ = {isa = PBXBuildFile; fileRef = 9A25A79923F0A43F00E9200A /* SceneDelegate.swift */; };
		9A25A79C23F0A43F00E9200A /* TestViewController.swift in Sources */ = {isa = PBXBuildFile; fileRef = 9A25A79B23F0A43F00E9200A /* TestViewController.swift */; };
		9A25A79F23F0A43F00E9200A /* Main.storyboard in Resources */ = {isa = PBXBuildFile; fileRef = 9A25A79D23F0A43F00E9200A /* Main.storyboard */; };
		9A25A7A423F0A44000E9200A /* Assets.xcassets in Resources */ = {isa = PBXBuildFile; fileRef = 9A25A7A323F0A44000E9200A /* Assets.xcassets */; };
		9A25A7A723F0A44000E9200A /* LaunchScreen.storyboard in Resources */ = {isa = PBXBuildFile; fileRef = 9A25A7A523F0A44000E9200A /* LaunchScreen.storyboard */; };
		9A25A7B023F0A4CE00E9200A /* Model.xcdatamodeld in Sources */ = {isa = PBXBuildFile; fileRef = 9A25A7AE23F0A4CE00E9200A /* Model.xcdatamodeld */; };
		9A493B1223FC8A92003E240D /* CloudKit.framework in Frameworks */ = {isa = PBXBuildFile; fileRef = 9A493B1123FC8A92003E240D /* CloudKit.framework */; };
		9A493B1423FC8C7E003E240D /* CategoryTableViewController.swift in Sources */ = {isa = PBXBuildFile; fileRef = 9A493B1323FC8C7E003E240D /* CategoryTableViewController.swift */; };
		9ACEDC6623F9EE94008AFD6D /* ProductTableViewController.swift in Sources */ = {isa = PBXBuildFile; fileRef = 9ACEDC6523F9EE94008AFD6D /* ProductTableViewController.swift */; };
		9AE3D99624005FA400AF9CD7 /* ProductDetailViewController.swift in Sources */ = {isa = PBXBuildFile; fileRef = 9AE3D99524005FA400AF9CD7 /* ProductDetailViewController.swift */; };
		9AE3D99824016BC100AF9CD7 /* CategoryDetailViewController.swift in Sources */ = {isa = PBXBuildFile; fileRef = 9AE3D99724016BC100AF9CD7 /* CategoryDetailViewController.swift */; };
		9AE3D99A2401A14C00AF9CD7 /* ShoppingListTableViewController.swift in Sources */ = {isa = PBXBuildFile; fileRef = 9AE3D9992401A14C00AF9CD7 /* ShoppingListTableViewController.swift */; };
/* End PBXBuildFile section */

/* Begin PBXFileReference section */
		9A25A79423F0A43F00E9200A /* SharedShoppingList.app */ = {isa = PBXFileReference; explicitFileType = wrapper.application; includeInIndex = 0; path = SharedShoppingList.app; sourceTree = BUILT_PRODUCTS_DIR; };
		9A25A79723F0A43F00E9200A /* AppDelegate.swift */ = {isa = PBXFileReference; lastKnownFileType = sourcecode.swift; path = AppDelegate.swift; sourceTree = "<group>"; };
		9A25A79923F0A43F00E9200A /* SceneDelegate.swift */ = {isa = PBXFileReference; lastKnownFileType = sourcecode.swift; path = SceneDelegate.swift; sourceTree = "<group>"; };
		9A25A79B23F0A43F00E9200A /* TestViewController.swift */ = {isa = PBXFileReference; lastKnownFileType = sourcecode.swift; path = TestViewController.swift; sourceTree = "<group>"; };
		9A25A79E23F0A43F00E9200A /* Base */ = {isa = PBXFileReference; lastKnownFileType = file.storyboard; name = Base; path = Base.lproj/Main.storyboard; sourceTree = "<group>"; };
		9A25A7A323F0A44000E9200A /* Assets.xcassets */ = {isa = PBXFileReference; lastKnownFileType = folder.assetcatalog; path = Assets.xcassets; sourceTree = "<group>"; };
		9A25A7A623F0A44000E9200A /* Base */ = {isa = PBXFileReference; lastKnownFileType = file.storyboard; name = Base; path = Base.lproj/LaunchScreen.storyboard; sourceTree = "<group>"; };
		9A25A7A823F0A44000E9200A /* Info.plist */ = {isa = PBXFileReference; lastKnownFileType = text.plist.xml; path = Info.plist; sourceTree = "<group>"; };
		9A25A7AF23F0A4CE00E9200A /* Model.xcdatamodel */ = {isa = PBXFileReference; lastKnownFileType = wrapper.xcdatamodel; path = Model.xcdatamodel; sourceTree = "<group>"; };
		9A493B0F23FC8A8A003E240D /* SharedShoppingList.entitlements */ = {isa = PBXFileReference; lastKnownFileType = text.plist.entitlements; path = SharedShoppingList.entitlements; sourceTree = "<group>"; };
		9A493B1123FC8A92003E240D /* CloudKit.framework */ = {isa = PBXFileReference; lastKnownFileType = wrapper.framework; name = CloudKit.framework; path = System/Library/Frameworks/CloudKit.framework; sourceTree = SDKROOT; };
		9A493B1323FC8C7E003E240D /* CategoryTableViewController.swift */ = {isa = PBXFileReference; lastKnownFileType = sourcecode.swift; path = CategoryTableViewController.swift; sourceTree = "<group>"; };
		9ACEDC6523F9EE94008AFD6D /* ProductTableViewController.swift */ = {isa = PBXFileReference; lastKnownFileType = sourcecode.swift; path = ProductTableViewController.swift; sourceTree = "<group>"; };
		9AE3D99524005FA400AF9CD7 /* ProductDetailViewController.swift */ = {isa = PBXFileReference; lastKnownFileType = sourcecode.swift; path = ProductDetailViewController.swift; sourceTree = "<group>"; };
		9AE3D99724016BC100AF9CD7 /* CategoryDetailViewController.swift */ = {isa = PBXFileReference; lastKnownFileType = sourcecode.swift; path = CategoryDetailViewController.swift; sourceTree = "<group>"; };
		9AE3D9992401A14C00AF9CD7 /* ShoppingListTableViewController.swift */ = {isa = PBXFileReference; lastKnownFileType = sourcecode.swift; path = ShoppingListTableViewController.swift; sourceTree = "<group>"; };
/* End PBXFileReference section */

/* Begin PBXFrameworksBuildPhase section */
		9A25A79123F0A43F00E9200A /* Frameworks */ = {
			isa = PBXFrameworksBuildPhase;
			buildActionMask = 2147483647;
			files = (
				9A493B1223FC8A92003E240D /* CloudKit.framework in Frameworks */,
			);
			runOnlyForDeploymentPostprocessing = 0;
		};
/* End PBXFrameworksBuildPhase section */

/* Begin PBXGroup section */
		9A25A78B23F0A43F00E9200A = {
			isa = PBXGroup;
			children = (
				9A25A79623F0A43F00E9200A /* SharedShoppingList */,
				9A25A79523F0A43F00E9200A /* Products */,
				9A493B1023FC8A92003E240D /* Frameworks */,
			);
			sourceTree = "<group>";
		};
		9A25A79523F0A43F00E9200A /* Products */ = {
			isa = PBXGroup;
			children = (
				9A25A79423F0A43F00E9200A /* SharedShoppingList.app */,
			);
			name = Products;
			sourceTree = "<group>";
		};
		9A25A79623F0A43F00E9200A /* SharedShoppingList */ = {
			isa = PBXGroup;
			children = (
				9A493B0F23FC8A8A003E240D /* SharedShoppingList.entitlements */,
				9A25A79723F0A43F00E9200A /* AppDelegate.swift */,
				9A25A79923F0A43F00E9200A /* SceneDelegate.swift */,
				9A25A79B23F0A43F00E9200A /* TestViewController.swift */,
				9AE3D9992401A14C00AF9CD7 /* ShoppingListTableViewController.swift */,
				9ACEDC6523F9EE94008AFD6D /* ProductTableViewController.swift */,
				9AE3D99524005FA400AF9CD7 /* ProductDetailViewController.swift */,
				9A493B1323FC8C7E003E240D /* CategoryTableViewController.swift */,
				9AE3D99724016BC100AF9CD7 /* CategoryDetailViewController.swift */,
				9A25A7A323F0A44000E9200A /* Assets.xcassets */,
				9A25A79D23F0A43F00E9200A /* Main.storyboard */,
				9A25A7A523F0A44000E9200A /* LaunchScreen.storyboard */,
				9A25A7A823F0A44000E9200A /* Info.plist */,
				9A25A7AE23F0A4CE00E9200A /* Model.xcdatamodeld */,
			);
			path = SharedShoppingList;
			sourceTree = "<group>";
		};
		9A493B1023FC8A92003E240D /* Frameworks */ = {
			isa = PBXGroup;
			children = (
				9A493B1123FC8A92003E240D /* CloudKit.framework */,
			);
			name = Frameworks;
			sourceTree = "<group>";
		};
/* End PBXGroup section */

/* Begin PBXNativeTarget section */
		9A25A79323F0A43F00E9200A /* SharedShoppingList */ = {
			isa = PBXNativeTarget;
			buildConfigurationList = 9A25A7AB23F0A44000E9200A /* Build configuration list for PBXNativeTarget "SharedShoppingList" */;
			buildPhases = (
				9A25A79023F0A43F00E9200A /* Sources */,
				9A25A79123F0A43F00E9200A /* Frameworks */,
				9A25A79223F0A43F00E9200A /* Resources */,
			);
			buildRules = (
			);
			dependencies = (
			);
			name = SharedShoppingList;
			productName = SharedShoppingList;
			productReference = 9A25A79423F0A43F00E9200A /* SharedShoppingList.app */;
			productType = "com.apple.product-type.application";
		};
/* End PBXNativeTarget section */

/* Begin PBXProject section */
		9A25A78C23F0A43F00E9200A /* Project object */ = {
			isa = PBXProject;
			attributes = {
				LastSwiftUpdateCheck = 1130;
				LastUpgradeCheck = 1130;
				ORGANIZATIONNAME = "Guido R. Mocken";
				TargetAttributes = {
					9A25A79323F0A43F00E9200A = {
						CreatedOnToolsVersion = 11.3;
					};
				};
			};
			buildConfigurationList = 9A25A78F23F0A43F00E9200A /* Build configuration list for PBXProject "SharedShoppingList" */;
			compatibilityVersion = "Xcode 9.3";
			developmentRegion = en;
			hasScannedForEncodings = 0;
			knownRegions = (
				en,
				Base,
			);
			mainGroup = 9A25A78B23F0A43F00E9200A;
			productRefGroup = 9A25A79523F0A43F00E9200A /* Products */;
			projectDirPath = "";
			projectRoot = "";
			targets = (
				9A25A79323F0A43F00E9200A /* SharedShoppingList */,
			);
		};
/* End PBXProject section */

/* Begin PBXResourcesBuildPhase section */
		9A25A79223F0A43F00E9200A /* Resources */ = {
			isa = PBXResourcesBuildPhase;
			buildActionMask = 2147483647;
			files = (
				9A25A7A723F0A44000E9200A /* LaunchScreen.storyboard in Resources */,
				9A25A7A423F0A44000E9200A /* Assets.xcassets in Resources */,
				9A25A79F23F0A43F00E9200A /* Main.storyboard in Resources */,
			);
			runOnlyForDeploymentPostprocessing = 0;
		};
/* End PBXResourcesBuildPhase section */

/* Begin PBXSourcesBuildPhase section */
		9A25A79023F0A43F00E9200A /* Sources */ = {
			isa = PBXSourcesBuildPhase;
			buildActionMask = 2147483647;
			files = (
				9A25A79C23F0A43F00E9200A /* TestViewController.swift in Sources */,
				9AE3D99824016BC100AF9CD7 /* CategoryDetailViewController.swift in Sources */,
				9A25A79823F0A43F00E9200A /* AppDelegate.swift in Sources */,
				9AE3D99624005FA400AF9CD7 /* ProductDetailViewController.swift in Sources */,
				9A25A7B023F0A4CE00E9200A /* Model.xcdatamodeld in Sources */,
				9AE3D99A2401A14C00AF9CD7 /* ShoppingListTableViewController.swift in Sources */,
				9A25A79A23F0A43F00E9200A /* SceneDelegate.swift in Sources */,
				9ACEDC6623F9EE94008AFD6D /* ProductTableViewController.swift in Sources */,
				9A493B1423FC8C7E003E240D /* CategoryTableViewController.swift in Sources */,
			);
			runOnlyForDeploymentPostprocessing = 0;
		};
/* End PBXSourcesBuildPhase section */

/* Begin PBXVariantGroup section */
		9A25A79D23F0A43F00E9200A /* Main.storyboard */ = {
			isa = PBXVariantGroup;
			children = (
				9A25A79E23F0A43F00E9200A /* Base */,
			);
			name = Main.storyboard;
			sourceTree = "<group>";
		};
		9A25A7A523F0A44000E9200A /* LaunchScreen.storyboard */ = {
			isa = PBXVariantGroup;
			children = (
				9A25A7A623F0A44000E9200A /* Base */,
			);
			name = LaunchScreen.storyboard;
			sourceTree = "<group>";
		};
/* End PBXVariantGroup section */

/* Begin XCBuildConfiguration section */
		9A25A7A923F0A44000E9200A /* Debug */ = {
			isa = XCBuildConfiguration;
			buildSettings = {
				ALWAYS_SEARCH_USER_PATHS = NO;
				CLANG_ANALYZER_NONNULL = YES;
				CLANG_ANALYZER_NUMBER_OBJECT_CONVERSION = YES_AGGRESSIVE;
				CLANG_CXX_LANGUAGE_STANDARD = "gnu++14";
				CLANG_CXX_LIBRARY = "libc++";
				CLANG_ENABLE_MODULES = YES;
				CLANG_ENABLE_OBJC_ARC = YES;
				CLANG_ENABLE_OBJC_WEAK = YES;
				CLANG_WARN_BLOCK_CAPTURE_AUTORELEASING = YES;
				CLANG_WARN_BOOL_CONVERSION = YES;
				CLANG_WARN_COMMA = YES;
				CLANG_WARN_CONSTANT_CONVERSION = YES;
				CLANG_WARN_DEPRECATED_OBJC_IMPLEMENTATIONS = YES;
				CLANG_WARN_DIRECT_OBJC_ISA_USAGE = YES_ERROR;
				CLANG_WARN_DOCUMENTATION_COMMENTS = YES;
				CLANG_WARN_EMPTY_BODY = YES;
				CLANG_WARN_ENUM_CONVERSION = YES;
				CLANG_WARN_INFINITE_RECURSION = YES;
				CLANG_WARN_INT_CONVERSION = YES;
				CLANG_WARN_NON_LITERAL_NULL_CONVERSION = YES;
				CLANG_WARN_OBJC_IMPLICIT_RETAIN_SELF = YES;
				CLANG_WARN_OBJC_LITERAL_CONVERSION = YES;
				CLANG_WARN_OBJC_ROOT_CLASS = YES_ERROR;
				CLANG_WARN_RANGE_LOOP_ANALYSIS = YES;
				CLANG_WARN_STRICT_PROTOTYPES = YES;
				CLANG_WARN_SUSPICIOUS_MOVE = YES;
				CLANG_WARN_UNGUARDED_AVAILABILITY = YES_AGGRESSIVE;
				CLANG_WARN_UNREACHABLE_CODE = YES;
				CLANG_WARN__DUPLICATE_METHOD_MATCH = YES;
				COPY_PHASE_STRIP = NO;
				DEBUG_INFORMATION_FORMAT = dwarf;
				ENABLE_STRICT_OBJC_MSGSEND = YES;
				ENABLE_TESTABILITY = YES;
				GCC_C_LANGUAGE_STANDARD = gnu11;
				GCC_DYNAMIC_NO_PIC = NO;
				GCC_NO_COMMON_BLOCKS = YES;
				GCC_OPTIMIZATION_LEVEL = 0;
				GCC_PREPROCESSOR_DEFINITIONS = (
					"DEBUG=1",
					"$(inherited)",
				);
				GCC_WARN_64_TO_32_BIT_CONVERSION = YES;
				GCC_WARN_ABOUT_RETURN_TYPE = YES_ERROR;
				GCC_WARN_UNDECLARED_SELECTOR = YES;
				GCC_WARN_UNINITIALIZED_AUTOS = YES_AGGRESSIVE;
				GCC_WARN_UNUSED_FUNCTION = YES;
				GCC_WARN_UNUSED_VARIABLE = YES;
				IPHONEOS_DEPLOYMENT_TARGET = 13.2;
				MTL_ENABLE_DEBUG_INFO = INCLUDE_SOURCE;
				MTL_FAST_MATH = YES;
				ONLY_ACTIVE_ARCH = YES;
				SDKROOT = iphoneos;
				SWIFT_ACTIVE_COMPILATION_CONDITIONS = DEBUG;
				SWIFT_OPTIMIZATION_LEVEL = "-Onone";
			};
			name = Debug;
		};
		9A25A7AA23F0A44000E9200A /* Release */ = {
			isa = XCBuildConfiguration;
			buildSettings = {
				ALWAYS_SEARCH_USER_PATHS = NO;
				CLANG_ANALYZER_NONNULL = YES;
				CLANG_ANALYZER_NUMBER_OBJECT_CONVERSION = YES_AGGRESSIVE;
				CLANG_CXX_LANGUAGE_STANDARD = "gnu++14";
				CLANG_CXX_LIBRARY = "libc++";
				CLANG_ENABLE_MODULES = YES;
				CLANG_ENABLE_OBJC_ARC = YES;
				CLANG_ENABLE_OBJC_WEAK = YES;
				CLANG_WARN_BLOCK_CAPTURE_AUTORELEASING = YES;
				CLANG_WARN_BOOL_CONVERSION = YES;
				CLANG_WARN_COMMA = YES;
				CLANG_WARN_CONSTANT_CONVERSION = YES;
				CLANG_WARN_DEPRECATED_OBJC_IMPLEMENTATIONS = YES;
				CLANG_WARN_DIRECT_OBJC_ISA_USAGE = YES_ERROR;
				CLANG_WARN_DOCUMENTATION_COMMENTS = YES;
				CLANG_WARN_EMPTY_BODY = YES;
				CLANG_WARN_ENUM_CONVERSION = YES;
				CLANG_WARN_INFINITE_RECURSION = YES;
				CLANG_WARN_INT_CONVERSION = YES;
				CLANG_WARN_NON_LITERAL_NULL_CONVERSION = YES;
				CLANG_WARN_OBJC_IMPLICIT_RETAIN_SELF = YES;
				CLANG_WARN_OBJC_LITERAL_CONVERSION = YES;
				CLANG_WARN_OBJC_ROOT_CLASS = YES_ERROR;
				CLANG_WARN_RANGE_LOOP_ANALYSIS = YES;
				CLANG_WARN_STRICT_PROTOTYPES = YES;
				CLANG_WARN_SUSPICIOUS_MOVE = YES;
				CLANG_WARN_UNGUARDED_AVAILABILITY = YES_AGGRESSIVE;
				CLANG_WARN_UNREACHABLE_CODE = YES;
				CLANG_WARN__DUPLICATE_METHOD_MATCH = YES;
				COPY_PHASE_STRIP = NO;
				DEBUG_INFORMATION_FORMAT = "dwarf-with-dsym";
				ENABLE_NS_ASSERTIONS = NO;
				ENABLE_STRICT_OBJC_MSGSEND = YES;
				GCC_C_LANGUAGE_STANDARD = gnu11;
				GCC_NO_COMMON_BLOCKS = YES;
				GCC_WARN_64_TO_32_BIT_CONVERSION = YES;
				GCC_WARN_ABOUT_RETURN_TYPE = YES_ERROR;
				GCC_WARN_UNDECLARED_SELECTOR = YES;
				GCC_WARN_UNINITIALIZED_AUTOS = YES_AGGRESSIVE;
				GCC_WARN_UNUSED_FUNCTION = YES;
				GCC_WARN_UNUSED_VARIABLE = YES;
				IPHONEOS_DEPLOYMENT_TARGET = 13.2;
				MTL_ENABLE_DEBUG_INFO = NO;
				MTL_FAST_MATH = YES;
				SDKROOT = iphoneos;
				SWIFT_COMPILATION_MODE = wholemodule;
				SWIFT_OPTIMIZATION_LEVEL = "-O";
				VALIDATE_PRODUCT = YES;
			};
			name = Release;
		};
		9A25A7AC23F0A44000E9200A /* Debug */ = {
			isa = XCBuildConfiguration;
			buildSettings = {
				ASSETCATALOG_COMPILER_APPICON_NAME = AppIcon;
				CODE_SIGN_ENTITLEMENTS = SharedShoppingList/SharedShoppingList.entitlements;
				CODE_SIGN_STYLE = Automatic;
				DEVELOPMENT_TEAM = J6G8439DVH;
				INFOPLIST_FILE = SharedShoppingList/Info.plist;
				LD_RUNPATH_SEARCH_PATHS = (
					"$(inherited)",
					"@executable_path/Frameworks",
				);
				PRODUCT_BUNDLE_IDENTIFIER = com.grm.SharedShoppingList;
				PRODUCT_NAME = "$(TARGET_NAME)";
				SWIFT_VERSION = 5.0;
				TARGETED_DEVICE_FAMILY = "1,2";
			};
			name = Debug;
		};
		9A25A7AD23F0A44000E9200A /* Release */ = {
			isa = XCBuildConfiguration;
			buildSettings = {
				ASSETCATALOG_COMPILER_APPICON_NAME = AppIcon;
				CODE_SIGN_ENTITLEMENTS = SharedShoppingList/SharedShoppingList.entitlements;
				CODE_SIGN_STYLE = Automatic;
				DEVELOPMENT_TEAM = J6G8439DVH;
				INFOPLIST_FILE = SharedShoppingList/Info.plist;
				LD_RUNPATH_SEARCH_PATHS = (
					"$(inherited)",
					"@executable_path/Frameworks",
				);
				PRODUCT_BUNDLE_IDENTIFIER = com.grm.SharedShoppingList;
				PRODUCT_NAME = "$(TARGET_NAME)";
				SWIFT_VERSION = 5.0;
				TARGETED_DEVICE_FAMILY = "1,2";
			};
			name = Release;
		};
/* End XCBuildConfiguration section */

/* Begin XCConfigurationList section */
		9A25A78F23F0A43F00E9200A /* Build configuration list for PBXProject "SharedShoppingList" */ = {
			isa = XCConfigurationList;
			buildConfigurations = (
				9A25A7A923F0A44000E9200A /* Debug */,
				9A25A7AA23F0A44000E9200A /* Release */,
			);
			defaultConfigurationIsVisible = 0;
			defaultConfigurationName = Release;
		};
		9A25A7AB23F0A44000E9200A /* Build configuration list for PBXNativeTarget "SharedShoppingList" */ = {
			isa = XCConfigurationList;
			buildConfigurations = (
				9A25A7AC23F0A44000E9200A /* Debug */,
				9A25A7AD23F0A44000E9200A /* Release */,
			);
			defaultConfigurationIsVisible = 0;
			defaultConfigurationName = Release;
		};
/* End XCConfigurationList section */

/* Begin XCVersionGroup section */
		9A25A7AE23F0A4CE00E9200A /* Model.xcdatamodeld */ = {
			isa = XCVersionGroup;
			children = (
				9A25A7AF23F0A4CE00E9200A /* Model.xcdatamodel */,
			);
			currentVersion = 9A25A7AF23F0A4CE00E9200A /* Model.xcdatamodel */;
			path = Model.xcdatamodeld;
			sourceTree = "<group>";
			versionGroupType = wrapper.xcdatamodel;
		};
/* End XCVersionGroup section */
	};
	rootObject = 9A25A78C23F0A43F00E9200A /* Project object */;
}
